
Microsoft Visual Studio Solution File, Format Version 12.00
Project("{FAE04EC0-301F-11D3-BF4B-00C04F79EFBC}") = "UsingClass", "UsingClass\UsingClass.csproj", "{A9DCF336-40A4-4DA4-9CFC-2AF16FD06EBE}"
EndProject
Global
	GlobalSection(SolutionConfigurationPlatforms) = preSolution
		Debug|Any CPU = Debug|Any CPU
		Release|Any CPU = Release|Any CPU
	EndGlobalSection
	GlobalSection(ProjectConfigurationPlatforms) = postSolution
		{A9DCF336-40A4-4DA4-9CFC-2AF16FD06EBE}.Debug|Any CPU.ActiveCfg = Debug|Any CPU
		{A9DCF336-40A4-4DA4-9CFC-2AF16FD06EBE}.Debug|Any CPU.Build.0 = Debug|Any CPU
		{A9DCF336-40A4-4DA4-9CFC-2AF16FD06EBE}.Release|Any CPU.ActiveCfg = Release|Any CPU
		{A9DCF336-40A4-4DA4-9CFC-2AF16FD06EBE}.Release|Any CPU.Build.0 = Release|Any CPU
	EndGlobalSection
EndGlobal
